// !$*UTF8*$!
{
	archiveVersion = 1;
	classes = {
	};
	objectVersion = 50;
	objects = {

/* Begin PBXBuildFile section */
		FDB0746D25CD1AAC009DE0F4 /* AppDelegate.swift in Sources */ = {isa = PBXBuildFile; fileRef = FDB0746C25CD1AAC009DE0F4 /* AppDelegate.swift */; };
		FDB0746F25CD1AAC009DE0F4 /* ViewController.swift in Sources */ = {isa = PBXBuildFile; fileRef = FDB0746E25CD1AAC009DE0F4 /* ViewController.swift */; };
		FDB0747225CD1AAC009DE0F4 /* Main.storyboard in Resources */ = {isa = PBXBuildFile; fileRef = FDB0747025CD1AAC009DE0F4 /* Main.storyboard */; };
		FDB0747425CD1AAF009DE0F4 /* Assets.xcassets in Resources */ = {isa = PBXBuildFile; fileRef = FDB0747325CD1AAF009DE0F4 /* Assets.xcassets */; };
		FDB0747725CD1AAF009DE0F4 /* LaunchScreen.storyboard in Resources */ = {isa = PBXBuildFile; fileRef = FDB0747525CD1AAF009DE0F4 /* LaunchScreen.storyboard */; };
		FDB75B6025D8DC280017E91F /* VideoManager.swift in Sources */ = {isa = PBXBuildFile; fileRef = FDB75B5F25D8DC280017E91F /* VideoManager.swift */; };
		FDB75B6425D8E9DA0017E91F /* VideoManager.swift in Sources */ = {isa = PBXBuildFile; fileRef = FDB75B6325D8E9DA0017E91F /* VideoManager.swift */; };
		FDED82BE25D873200090B865 /* defaultVideo.mp4 in Resources */ = {isa = PBXBuildFile; fileRef = FDED82BD25D873200090B865 /* defaultVideo.mp4 */; };
		FDED82C725D875B80090B865 /* AppDelegate.swift in Sources */ = {isa = PBXBuildFile; fileRef = FDED82C625D875B80090B865 /* AppDelegate.swift */; };
		FDED82C925D875B80090B865 /* SceneDelegate.swift in Sources */ = {isa = PBXBuildFile; fileRef = FDED82C825D875B80090B865 /* SceneDelegate.swift */; };
		FDED82CB25D875B80090B865 /* ContentView.swift in Sources */ = {isa = PBXBuildFile; fileRef = FDED82CA25D875B80090B865 /* ContentView.swift */; };
		FDED82CD25D875BB0090B865 /* Assets.xcassets in Resources */ = {isa = PBXBuildFile; fileRef = FDED82CC25D875BB0090B865 /* Assets.xcassets */; };
		FDED82D025D875BB0090B865 /* Preview Assets.xcassets in Resources */ = {isa = PBXBuildFile; fileRef = FDED82CF25D875BB0090B865 /* Preview Assets.xcassets */; };
		FDED82D325D875BB0090B865 /* LaunchScreen.storyboard in Resources */ = {isa = PBXBuildFile; fileRef = FDED82D125D875BB0090B865 /* LaunchScreen.storyboard */; };
		FDED82DA25D87A580090B865 /* defaultVideo.mp4 in Resources */ = {isa = PBXBuildFile; fileRef = FDED82BD25D873200090B865 /* defaultVideo.mp4 */; };
		FDED82DE25D88A240090B865 /* ConnectivityManager.swift in Sources */ = {isa = PBXBuildFile; fileRef = FDED82DD25D88A240090B865 /* ConnectivityManager.swift */; };
		FDED82E425D896660090B865 /* ConnectivityManager.swift in Sources */ = {isa = PBXBuildFile; fileRef = FDED82E325D896660090B865 /* ConnectivityManager.swift */; };
/* End PBXBuildFile section */

/* Begin PBXFileReference section */
		FDB0746925CD1AAC009DE0F4 /* AutoPlay.app */ = {isa = PBXFileReference; explicitFileType = wrapper.application; includeInIndex = 0; path = AutoPlay.app; sourceTree = BUILT_PRODUCTS_DIR; };
		FDB0746C25CD1AAC009DE0F4 /* AppDelegate.swift */ = {isa = PBXFileReference; lastKnownFileType = sourcecode.swift; path = AppDelegate.swift; sourceTree = "<group>"; };
		FDB0746E25CD1AAC009DE0F4 /* ViewController.swift */ = {isa = PBXFileReference; lastKnownFileType = sourcecode.swift; path = ViewController.swift; sourceTree = "<group>"; };
		FDB0747125CD1AAC009DE0F4 /* Base */ = {isa = PBXFileReference; lastKnownFileType = file.storyboard; name = Base; path = Base.lproj/Main.storyboard; sourceTree = "<group>"; };
		FDB0747325CD1AAF009DE0F4 /* Assets.xcassets */ = {isa = PBXFileReference; lastKnownFileType = folder.assetcatalog; path = Assets.xcassets; sourceTree = "<group>"; };
		FDB0747625CD1AAF009DE0F4 /* Base */ = {isa = PBXFileReference; lastKnownFileType = file.storyboard; name = Base; path = Base.lproj/LaunchScreen.storyboard; sourceTree = "<group>"; };
		FDB0747825CD1AAF009DE0F4 /* Info.plist */ = {isa = PBXFileReference; lastKnownFileType = text.plist.xml; path = Info.plist; sourceTree = "<group>"; };
		FDB75B5F25D8DC280017E91F /* VideoManager.swift */ = {isa = PBXFileReference; lastKnownFileType = sourcecode.swift; path = VideoManager.swift; sourceTree = "<group>"; };
		FDB75B6325D8E9DA0017E91F /* VideoManager.swift */ = {isa = PBXFileReference; lastKnownFileType = sourcecode.swift; path = VideoManager.swift; sourceTree = "<group>"; };
		FDED82BD25D873200090B865 /* defaultVideo.mp4 */ = {isa = PBXFileReference; lastKnownFileType = file; path = defaultVideo.mp4; sourceTree = "<group>"; };
		FDED82C425D875B70090B865 /* AutoPlayCompanion.app */ = {isa = PBXFileReference; explicitFileType = wrapper.application; includeInIndex = 0; path = AutoPlayCompanion.app; sourceTree = BUILT_PRODUCTS_DIR; };
		FDED82C625D875B80090B865 /* AppDelegate.swift */ = {isa = PBXFileReference; lastKnownFileType = sourcecode.swift; path = AppDelegate.swift; sourceTree = "<group>"; };
		FDED82C825D875B80090B865 /* SceneDelegate.swift */ = {isa = PBXFileReference; lastKnownFileType = sourcecode.swift; path = SceneDelegate.swift; sourceTree = "<group>"; };
		FDED82CA25D875B80090B865 /* ContentView.swift */ = {isa = PBXFileReference; lastKnownFileType = sourcecode.swift; path = ContentView.swift; sourceTree = "<group>"; };
		FDED82CC25D875BB0090B865 /* Assets.xcassets */ = {isa = PBXFileReference; lastKnownFileType = folder.assetcatalog; path = Assets.xcassets; sourceTree = "<group>"; };
		FDED82CF25D875BB0090B865 /* Preview Assets.xcassets */ = {isa = PBXFileReference; lastKnownFileType = folder.assetcatalog; path = "Preview Assets.xcassets"; sourceTree = "<group>"; };
		FDED82D225D875BB0090B865 /* Base */ = {isa = PBXFileReference; lastKnownFileType = file.storyboard; name = Base; path = Base.lproj/LaunchScreen.storyboard; sourceTree = "<group>"; };
		FDED82D425D875BB0090B865 /* Info.plist */ = {isa = PBXFileReference; lastKnownFileType = text.plist.xml; path = Info.plist; sourceTree = "<group>"; };
		FDED82DD25D88A240090B865 /* ConnectivityManager.swift */ = {isa = PBXFileReference; lastKnownFileType = sourcecode.swift; path = ConnectivityManager.swift; sourceTree = "<group>"; };
		FDED82E325D896660090B865 /* ConnectivityManager.swift */ = {isa = PBXFileReference; lastKnownFileType = sourcecode.swift; path = ConnectivityManager.swift; sourceTree = "<group>"; };
/* End PBXFileReference section */

/* Begin PBXFrameworksBuildPhase section */
		FDB0746625CD1AAC009DE0F4 /* Frameworks */ = {
			isa = PBXFrameworksBuildPhase;
			buildActionMask = 2147483647;
			files = (
			);
			runOnlyForDeploymentPostprocessing = 0;
		};
		FDED82C125D875B70090B865 /* Frameworks */ = {
			isa = PBXFrameworksBuildPhase;
			buildActionMask = 2147483647;
			files = (
			);
			runOnlyForDeploymentPostprocessing = 0;
		};
/* End PBXFrameworksBuildPhase section */

/* Begin PBXGroup section */
		FDB0746025CD1AAC009DE0F4 = {
			isa = PBXGroup;
			children = (
				FDB0746B25CD1AAC009DE0F4 /* AutoPlay */,
				FDED82C525D875B70090B865 /* AutoPlayCompanion */,
				FDB0746A25CD1AAC009DE0F4 /* Products */,
			);
			sourceTree = "<group>";
		};
		FDB0746A25CD1AAC009DE0F4 /* Products */ = {
			isa = PBXGroup;
			children = (
				FDB0746925CD1AAC009DE0F4 /* AutoPlay.app */,
				FDED82C425D875B70090B865 /* AutoPlayCompanion.app */,
			);
			name = Products;
			sourceTree = "<group>";
		};
		FDB0746B25CD1AAC009DE0F4 /* AutoPlay */ = {
			isa = PBXGroup;
			children = (
				FDB0746C25CD1AAC009DE0F4 /* AppDelegate.swift */,
				FDB0746E25CD1AAC009DE0F4 /* ViewController.swift */,
				FDED82E325D896660090B865 /* ConnectivityManager.swift */,
				FDB75B6325D8E9DA0017E91F /* VideoManager.swift */,
				FDB0747025CD1AAC009DE0F4 /* Main.storyboard */,
				FDB0747325CD1AAF009DE0F4 /* Assets.xcassets */,
				FDB0747525CD1AAF009DE0F4 /* LaunchScreen.storyboard */,
				FDED82BD25D873200090B865 /* defaultVideo.mp4 */,
				FDB0747825CD1AAF009DE0F4 /* Info.plist */,
			);
			path = AutoPlay;
			sourceTree = "<group>";
		};
		FDED82C525D875B70090B865 /* AutoPlayCompanion */ = {
			isa = PBXGroup;
			children = (
				FDED82C625D875B80090B865 /* AppDelegate.swift */,
				FDED82C825D875B80090B865 /* SceneDelegate.swift */,
				FDED82CA25D875B80090B865 /* ContentView.swift */,
				FDB75B5F25D8DC280017E91F /* VideoManager.swift */,
				FDED82DD25D88A240090B865 /* ConnectivityManager.swift */,
				FDED82CC25D875BB0090B865 /* Assets.xcassets */,
				FDED82D125D875BB0090B865 /* LaunchScreen.storyboard */,
				FDED82D425D875BB0090B865 /* Info.plist */,
				FDED82CE25D875BB0090B865 /* Preview Content */,
			);
			path = AutoPlayCompanion;
			sourceTree = "<group>";
		};
		FDED82CE25D875BB0090B865 /* Preview Content */ = {
			isa = PBXGroup;
			children = (
				FDED82CF25D875BB0090B865 /* Preview Assets.xcassets */,
			);
			path = "Preview Content";
			sourceTree = "<group>";
		};
/* End PBXGroup section */

/* Begin PBXNativeTarget section */
		FDB0746825CD1AAC009DE0F4 /* AutoPlay */ = {
			isa = PBXNativeTarget;
			buildConfigurationList = FDB0747B25CD1AAF009DE0F4 /* Build configuration list for PBXNativeTarget "AutoPlay" */;
			buildPhases = (
				FDB0746525CD1AAC009DE0F4 /* Sources */,
				FDB0746625CD1AAC009DE0F4 /* Frameworks */,
				FDB0746725CD1AAC009DE0F4 /* Resources */,
			);
			buildRules = (
			);
			dependencies = (
			);
			name = AutoPlay;
			productName = AutoPlay;
			productReference = FDB0746925CD1AAC009DE0F4 /* AutoPlay.app */;
			productType = "com.apple.product-type.application";
		};
		FDED82C325D875B70090B865 /* AutoPlayCompanion */ = {
			isa = PBXNativeTarget;
			buildConfigurationList = FDED82D525D875BB0090B865 /* Build configuration list for PBXNativeTarget "AutoPlayCompanion" */;
			buildPhases = (
				FDED82C025D875B70090B865 /* Sources */,
				FDED82C125D875B70090B865 /* Frameworks */,
				FDED82C225D875B70090B865 /* Resources */,
			);
			buildRules = (
			);
			dependencies = (
			);
			name = AutoPlayCompanion;
			productName = AutoPlayCompanion;
			productReference = FDED82C425D875B70090B865 /* AutoPlayCompanion.app */;
			productType = "com.apple.product-type.application";
		};
/* End PBXNativeTarget section */

/* Begin PBXProject section */
		FDB0746125CD1AAC009DE0F4 /* Project object */ = {
			isa = PBXProject;
			attributes = {
				LastSwiftUpdateCheck = 1240;
				LastUpgradeCheck = 1240;
				TargetAttributes = {
					FDB0746825CD1AAC009DE0F4 = {
						CreatedOnToolsVersion = 12.4;
					};
					FDED82C325D875B70090B865 = {
						CreatedOnToolsVersion = 12.4;
					};
				};
			};
			buildConfigurationList = FDB0746425CD1AAC009DE0F4 /* Build configuration list for PBXProject "AutoPlay" */;
			compatibilityVersion = "Xcode 9.3";
			developmentRegion = en;
			hasScannedForEncodings = 0;
			knownRegions = (
				en,
				Base,
			);
			mainGroup = FDB0746025CD1AAC009DE0F4;
			productRefGroup = FDB0746A25CD1AAC009DE0F4 /* Products */;
			projectDirPath = "";
			projectRoot = "";
			targets = (
				FDB0746825CD1AAC009DE0F4 /* AutoPlay */,
				FDED82C325D875B70090B865 /* AutoPlayCompanion */,
			);
		};
/* End PBXProject section */

/* Begin PBXResourcesBuildPhase section */
		FDB0746725CD1AAC009DE0F4 /* Resources */ = {
			isa = PBXResourcesBuildPhase;
			buildActionMask = 2147483647;
			files = (
				FDB0747725CD1AAF009DE0F4 /* LaunchScreen.storyboard in Resources */,
				FDB0747425CD1AAF009DE0F4 /* Assets.xcassets in Resources */,
				FDB0747225CD1AAC009DE0F4 /* Main.storyboard in Resources */,
				FDED82BE25D873200090B865 /* defaultVideo.mp4 in Resources */,
			);
			runOnlyForDeploymentPostprocessing = 0;
		};
		FDED82C225D875B70090B865 /* Resources */ = {
			isa = PBXResourcesBuildPhase;
			buildActionMask = 2147483647;
			files = (
				FDED82D325D875BB0090B865 /* LaunchScreen.storyboard in Resources */,
				FDED82D025D875BB0090B865 /* Preview Assets.xcassets in Resources */,
				FDED82CD25D875BB0090B865 /* Assets.xcassets in Resources */,
				FDED82DA25D87A580090B865 /* defaultVideo.mp4 in Resources */,
			);
			runOnlyForDeploymentPostprocessing = 0;
		};
/* End PBXResourcesBuildPhase section */

/* Begin PBXSourcesBuildPhase section */
		FDB0746525CD1AAC009DE0F4 /* Sources */ = {
			isa = PBXSourcesBuildPhase;
			buildActionMask = 2147483647;
			files = (
				FDED82E425D896660090B865 /* ConnectivityManager.swift in Sources */,
				FDB0746F25CD1AAC009DE0F4 /* ViewController.swift in Sources */,
				FDB0746D25CD1AAC009DE0F4 /* AppDelegate.swift in Sources */,
				FDB75B6425D8E9DA0017E91F /* VideoManager.swift in Sources */,
			);
			runOnlyForDeploymentPostprocessing = 0;
		};
		FDED82C025D875B70090B865 /* Sources */ = {
			isa = PBXSourcesBuildPhase;
			buildActionMask = 2147483647;
			files = (
				FDED82C725D875B80090B865 /* AppDelegate.swift in Sources */,
				FDED82C925D875B80090B865 /* SceneDelegate.swift in Sources */,
				FDB75B6025D8DC280017E91F /* VideoManager.swift in Sources */,
				FDED82DE25D88A240090B865 /* ConnectivityManager.swift in Sources */,
				FDED82CB25D875B80090B865 /* ContentView.swift in Sources */,
			);
			runOnlyForDeploymentPostprocessing = 0;
		};
/* End PBXSourcesBuildPhase section */

/* Begin PBXVariantGroup section */
		FDB0747025CD1AAC009DE0F4 /* Main.storyboard */ = {
			isa = PBXVariantGroup;
			children = (
				FDB0747125CD1AAC009DE0F4 /* Base */,
			);
			name = Main.storyboard;
			sourceTree = "<group>";
		};
		FDB0747525CD1AAF009DE0F4 /* LaunchScreen.storyboard */ = {
			isa = PBXVariantGroup;
			children = (
				FDB0747625CD1AAF009DE0F4 /* Base */,
			);
			name = LaunchScreen.storyboard;
			sourceTree = "<group>";
		};
		FDED82D125D875BB0090B865 /* LaunchScreen.storyboard */ = {
			isa = PBXVariantGroup;
			children = (
				FDED82D225D875BB0090B865 /* Base */,
			);
			name = LaunchScreen.storyboard;
			sourceTree = "<group>";
		};
/* End PBXVariantGroup section */

/* Begin XCBuildConfiguration section */
		FDB0747925CD1AAF009DE0F4 /* Debug */ = {
			isa = XCBuildConfiguration;
			buildSettings = {
				ALWAYS_SEARCH_USER_PATHS = NO;
				CLANG_ANALYZER_NONNULL = YES;
				CLANG_ANALYZER_NUMBER_OBJECT_CONVERSION = YES_AGGRESSIVE;
				CLANG_CXX_LANGUAGE_STANDARD = "gnu++14";
				CLANG_CXX_LIBRARY = "libc++";
				CLANG_ENABLE_MODULES = YES;
				CLANG_ENABLE_OBJC_ARC = YES;
				CLANG_ENABLE_OBJC_WEAK = YES;
				CLANG_WARN_BLOCK_CAPTURE_AUTORELEASING = YES;
				CLANG_WARN_BOOL_CONVERSION = YES;
				CLANG_WARN_COMMA = YES;
				CLANG_WARN_CONSTANT_CONVERSION = YES;
				CLANG_WARN_DEPRECATED_OBJC_IMPLEMENTATIONS = YES;
				CLANG_WARN_DIRECT_OBJC_ISA_USAGE = YES_ERROR;
				CLANG_WARN_DOCUMENTATION_COMMENTS = YES;
				CLANG_WARN_EMPTY_BODY = YES;
				CLANG_WARN_ENUM_CONVERSION = YES;
				CLANG_WARN_INFINITE_RECURSION = YES;
				CLANG_WARN_INT_CONVERSION = YES;
				CLANG_WARN_NON_LITERAL_NULL_CONVERSION = YES;
				CLANG_WARN_OBJC_IMPLICIT_RETAIN_SELF = YES;
				CLANG_WARN_OBJC_LITERAL_CONVERSION = YES;
				CLANG_WARN_OBJC_ROOT_CLASS = YES_ERROR;
				CLANG_WARN_QUOTED_INCLUDE_IN_FRAMEWORK_HEADER = YES;
				CLANG_WARN_RANGE_LOOP_ANALYSIS = YES;
				CLANG_WARN_STRICT_PROTOTYPES = YES;
				CLANG_WARN_SUSPICIOUS_MOVE = YES;
				CLANG_WARN_UNGUARDED_AVAILABILITY = YES_AGGRESSIVE;
				CLANG_WARN_UNREACHABLE_CODE = YES;
				CLANG_WARN__DUPLICATE_METHOD_MATCH = YES;
				COPY_PHASE_STRIP = NO;
				DEBUG_INFORMATION_FORMAT = dwarf;
				ENABLE_STRICT_OBJC_MSGSEND = YES;
				ENABLE_TESTABILITY = YES;
				GCC_C_LANGUAGE_STANDARD = gnu11;
				GCC_DYNAMIC_NO_PIC = NO;
				GCC_NO_COMMON_BLOCKS = YES;
				GCC_OPTIMIZATION_LEVEL = 0;
				GCC_PREPROCESSOR_DEFINITIONS = (
					"DEBUG=1",
					"$(inherited)",
				);
				GCC_WARN_64_TO_32_BIT_CONVERSION = YES;
				GCC_WARN_ABOUT_RETURN_TYPE = YES_ERROR;
				GCC_WARN_UNDECLARED_SELECTOR = YES;
				GCC_WARN_UNINITIALIZED_AUTOS = YES_AGGRESSIVE;
				GCC_WARN_UNUSED_FUNCTION = YES;
				GCC_WARN_UNUSED_VARIABLE = YES;
				MTL_ENABLE_DEBUG_INFO = INCLUDE_SOURCE;
				MTL_FAST_MATH = YES;
				ONLY_ACTIVE_ARCH = YES;
				SDKROOT = appletvos;
				SWIFT_ACTIVE_COMPILATION_CONDITIONS = DEBUG;
				SWIFT_OPTIMIZATION_LEVEL = "-Onone";
				TVOS_DEPLOYMENT_TARGET = 14.3;
			};
			name = Debug;
		};
		FDB0747A25CD1AAF009DE0F4 /* Release */ = {
			isa = XCBuildConfiguration;
			buildSettings = {
				ALWAYS_SEARCH_USER_PATHS = NO;
				CLANG_ANALYZER_NONNULL = YES;
				CLANG_ANALYZER_NUMBER_OBJECT_CONVERSION = YES_AGGRESSIVE;
				CLANG_CXX_LANGUAGE_STANDARD = "gnu++14";
				CLANG_CXX_LIBRARY = "libc++";
				CLANG_ENABLE_MODULES = YES;
				CLANG_ENABLE_OBJC_ARC = YES;
				CLANG_ENABLE_OBJC_WEAK = YES;
				CLANG_WARN_BLOCK_CAPTURE_AUTORELEASING = YES;
				CLANG_WARN_BOOL_CONVERSION = YES;
				CLANG_WARN_COMMA = YES;
				CLANG_WARN_CONSTANT_CONVERSION = YES;
				CLANG_WARN_DEPRECATED_OBJC_IMPLEMENTATIONS = YES;
				CLANG_WARN_DIRECT_OBJC_ISA_USAGE = YES_ERROR;
				CLANG_WARN_DOCUMENTATION_COMMENTS = YES;
				CLANG_WARN_EMPTY_BODY = YES;
				CLANG_WARN_ENUM_CONVERSION = YES;
				CLANG_WARN_INFINITE_RECURSION = YES;
				CLANG_WARN_INT_CONVERSION = YES;
				CLANG_WARN_NON_LITERAL_NULL_CONVERSION = YES;
				CLANG_WARN_OBJC_IMPLICIT_RETAIN_SELF = YES;
				CLANG_WARN_OBJC_LITERAL_CONVERSION = YES;
				CLANG_WARN_OBJC_ROOT_CLASS = YES_ERROR;
				CLANG_WARN_QUOTED_INCLUDE_IN_FRAMEWORK_HEADER = YES;
				CLANG_WARN_RANGE_LOOP_ANALYSIS = YES;
				CLANG_WARN_STRICT_PROTOTYPES = YES;
				CLANG_WARN_SUSPICIOUS_MOVE = YES;
				CLANG_WARN_UNGUARDED_AVAILABILITY = YES_AGGRESSIVE;
				CLANG_WARN_UNREACHABLE_CODE = YES;
				CLANG_WARN__DUPLICATE_METHOD_MATCH = YES;
				COPY_PHASE_STRIP = NO;
				DEBUG_INFORMATION_FORMAT = "dwarf-with-dsym";
				ENABLE_NS_ASSERTIONS = NO;
				ENABLE_STRICT_OBJC_MSGSEND = YES;
				GCC_C_LANGUAGE_STANDARD = gnu11;
				GCC_NO_COMMON_BLOCKS = YES;
				GCC_WARN_64_TO_32_BIT_CONVERSION = YES;
				GCC_WARN_ABOUT_RETURN_TYPE = YES_ERROR;
				GCC_WARN_UNDECLARED_SELECTOR = YES;
				GCC_WARN_UNINITIALIZED_AUTOS = YES_AGGRESSIVE;
				GCC_WARN_UNUSED_FUNCTION = YES;
				GCC_WARN_UNUSED_VARIABLE = YES;
				MTL_ENABLE_DEBUG_INFO = NO;
				MTL_FAST_MATH = YES;
				SDKROOT = appletvos;
				SWIFT_COMPILATION_MODE = wholemodule;
				SWIFT_OPTIMIZATION_LEVEL = "-O";
				TVOS_DEPLOYMENT_TARGET = 14.3;
				VALIDATE_PRODUCT = YES;
			};
			name = Release;
		};
		FDB0747C25CD1AAF009DE0F4 /* Debug */ = {
			isa = XCBuildConfiguration;
			buildSettings = {
				ASSETCATALOG_COMPILER_APPICON_NAME = "App Icon & Top Shelf Image";
				ASSETCATALOG_COMPILER_GLOBAL_ACCENT_COLOR_NAME = AccentColor;
				CODE_SIGN_STYLE = Manual;
				DEVELOPMENT_TEAM = "";
				INFOPLIST_FILE = AutoPlay/Info.plist;
				LD_RUNPATH_SEARCH_PATHS = (
					"$(inherited)",
					"@executable_path/Frameworks",
				);
				PRODUCT_BUNDLE_IDENTIFIER = com.sideApplication.AutoPlay;
				PRODUCT_NAME = "$(TARGET_NAME)";
				PROVISIONING_PROFILE_SPECIFIER = "";
				SWIFT_VERSION = 5.0;
				TARGETED_DEVICE_FAMILY = 3;
			};
			name = Debug;
		};
		FDB0747D25CD1AAF009DE0F4 /* Release */ = {
			isa = XCBuildConfiguration;
			buildSettings = {
				ASSETCATALOG_COMPILER_APPICON_NAME = "App Icon & Top Shelf Image";
				ASSETCATALOG_COMPILER_GLOBAL_ACCENT_COLOR_NAME = AccentColor;
				CODE_SIGN_STYLE = Manual;
				DEVELOPMENT_TEAM = "";
				INFOPLIST_FILE = AutoPlay/Info.plist;
				LD_RUNPATH_SEARCH_PATHS = (
					"$(inherited)",
					"@executable_path/Frameworks",
				);
				PRODUCT_BUNDLE_IDENTIFIER = com.sideApplication.AutoPlay;
				PRODUCT_NAME = "$(TARGET_NAME)";
				PROVISIONING_PROFILE_SPECIFIER = "";
				SWIFT_VERSION = 5.0;
				TARGETED_DEVICE_FAMILY = 3;
			};
			name = Release;
		};
		FDED82D625D875BB0090B865 /* Debug */ = {
			isa = XCBuildConfiguration;
			buildSettings = {
				ASSETCATALOG_COMPILER_APPICON_NAME = AppIcon;
				ASSETCATALOG_COMPILER_GLOBAL_ACCENT_COLOR_NAME = AccentColor;
				CODE_SIGN_STYLE = Automatic;
				DEVELOPMENT_ASSET_PATHS = "\"AutoPlayCompanion/Preview Content\"";
				DEVELOPMENT_TEAM = E53GDWMY8C;
				ENABLE_PREVIEWS = YES;
				INFOPLIST_FILE = AutoPlayCompanion/Info.plist;
				IPHONEOS_DEPLOYMENT_TARGET = 14.4;
				LD_RUNPATH_SEARCH_PATHS = (
					"$(inherited)",
					"@executable_path/Frameworks",
				);
				PRODUCT_BUNDLE_IDENTIFIER = com.sideApplication.AutoPlayCompanion;
				PRODUCT_NAME = "$(TARGET_NAME)";
				SDKROOT = iphoneos;
				SWIFT_VERSION = 5.0;
				TARGETED_DEVICE_FAMILY = 1;
			};
			name = Debug;
		};
		FDED82D725D875BB0090B865 /* Release */ = {
			isa = XCBuildConfiguration;
			buildSettings = {
				ASSETCATALOG_COMPILER_APPICON_NAME = AppIcon;
				ASSETCATALOG_COMPILER_GLOBAL_ACCENT_COLOR_NAME = AccentColor;
				CODE_SIGN_STYLE = Automatic;
				DEVELOPMENT_ASSET_PATHS = "\"AutoPlayCompanion/Preview Content\"";
				DEVELOPMENT_TEAM = E53GDWMY8C;
				ENABLE_PREVIEWS = YES;
				INFOPLIST_FILE = AutoPlayCompanion/Info.plist;
				IPHONEOS_DEPLOYMENT_TARGET = 14.4;
				LD_RUNPATH_SEARCH_PATHS = (
					"$(inherited)",
					"@executable_path/Frameworks",
				);
				PRODUCT_BUNDLE_IDENTIFIER = com.sideApplication.AutoPlayCompanion;
				PRODUCT_NAME = "$(TARGET_NAME)";
				SDKROOT = iphoneos;
				SWIFT_VERSION = 5.0;
				TARGETED_DEVICE_FAMILY = 1;
			};
			name = Release;
		};
/* End XCBuildConfiguration section */

/* Begin XCConfigurationList section */
		FDB0746425CD1AAC009DE0F4 /* Build configuration list for PBXProject "AutoPlay" */ = {
			isa = XCConfigurationList;
			buildConfigurations = (
				FDB0747925CD1AAF009DE0F4 /* Debug */,
				FDB0747A25CD1AAF009DE0F4 /* Release */,
			);
			defaultConfigurationIsVisible = 0;
			defaultConfigurationName = Release;
		};
		FDB0747B25CD1AAF009DE0F4 /* Build configuration list for PBXNativeTarget "AutoPlay" */ = {
			isa = XCConfigurationList;
			buildConfigurations = (
				FDB0747C25CD1AAF009DE0F4 /* Debug */,
				FDB0747D25CD1AAF009DE0F4 /* Release */,
			);
			defaultConfigurationIsVisible = 0;
			defaultConfigurationName = Release;
		};
		FDED82D525D875BB0090B865 /* Build configuration list for PBXNativeTarget "AutoPlayCompanion" */ = {
			isa = XCConfigurationList;
			buildConfigurations = (
				FDED82D625D875BB0090B865 /* Debug */,
				FDED82D725D875BB0090B865 /* Release */,
			);
			defaultConfigurationIsVisible = 0;
			defaultConfigurationName = Release;
		};
/* End XCConfigurationList section */
	};
	rootObject = FDB0746125CD1AAC009DE0F4 /* Project object */;
}
